
Microsoft Visual Studio Solution File, Format Version 12.00
# Visual Studio Version 16
VisualStudioVersion = 16.0.30503.244
MinimumVisualStudioVersion = 10.0.40219.1
Project("{FAE04EC0-301F-11D3-BF4B-00C04F79EFBC}") = "05.11.20", "05.11.20\05.11.20.csproj", "{EE057B1D-5561-4CFA-96FA-7547CB691D48}"
EndProject
Global
	GlobalSection(SolutionConfigurationPlatforms) = preSolution
		Debug|Any CPU = Debug|Any CPU
		Release|Any CPU = Release|Any CPU
	EndGlobalSection
	GlobalSection(ProjectConfigurationPlatforms) = postSolution
		{EE057B1D-5561-4CFA-96FA-7547CB691D48}.Debug|Any CPU.ActiveCfg = Debug|Any CPU
		{EE057B1D-5561-4CFA-96FA-7547CB691D48}.Debug|Any CPU.Build.0 = Debug|Any CPU
		{EE057B1D-5561-4CFA-96FA-7547CB691D48}.Release|Any CPU.ActiveCfg = Release|Any CPU
		{EE057B1D-5561-4CFA-96FA-7547CB691D48}.Release|Any CPU.Build.0 = Release|Any CPU
	EndGlobalSection
	GlobalSection(SolutionProperties) = preSolution
		HideSolutionNode = FALSE
	EndGlobalSection
	GlobalSection(ExtensibilityGlobals) = postSolution
		SolutionGuid = {50AC7CE6-D859-4A60-9C87-0D31DEB58FE7}
	EndGlobalSection
EndGlobal
