
Microsoft Visual Studio Solution File, Format Version 12.00
# Visual Studio Version 16
VisualStudioVersion = 16.0.30503.244
MinimumVisualStudioVersion = 10.0.40219.1
Project("{FAE04EC0-301F-11D3-BF4B-00C04F79EFBC}") = "PR_6_2", "PR_6_2\PR_6_2.csproj", "{931158CD-E4ED-4718-9985-ABE82A1FC9FA}"
EndProject
Global
	GlobalSection(SolutionConfigurationPlatforms) = preSolution
		Debug|Any CPU = Debug|Any CPU
		Release|Any CPU = Release|Any CPU
	EndGlobalSection
	GlobalSection(ProjectConfigurationPlatforms) = postSolution
		{931158CD-E4ED-4718-9985-ABE82A1FC9FA}.Debug|Any CPU.ActiveCfg = Debug|Any CPU
		{931158CD-E4ED-4718-9985-ABE82A1FC9FA}.Debug|Any CPU.Build.0 = Debug|Any CPU
		{931158CD-E4ED-4718-9985-ABE82A1FC9FA}.Release|Any CPU.ActiveCfg = Release|Any CPU
		{931158CD-E4ED-4718-9985-ABE82A1FC9FA}.Release|Any CPU.Build.0 = Release|Any CPU
	EndGlobalSection
	GlobalSection(SolutionProperties) = preSolution
		HideSolutionNode = FALSE
	EndGlobalSection
	GlobalSection(ExtensibilityGlobals) = postSolution
		SolutionGuid = {3D2966EE-0EA2-4E75-926C-7E791D637CA7}
	EndGlobalSection
EndGlobal
